
Microsoft Visual Studio Solution File, Format Version 12.00
# Visual Studio Version 16
VisualStudioVersion = 16.0.31313.79
MinimumVisualStudioVersion = 10.0.40219.1
Project("{FAE04EC0-301F-11D3-BF4B-00C04F79EFBC}") = "EmpWageComputation", "EmpWageComputation.csproj", "{136F1C09-2BFB-4F95-8583-2CF8A3C221D4}"
EndProject
Global
	GlobalSection(SolutionConfigurationPlatforms) = preSolution
		Debug|Any CPU = Debug|Any CPU
		Release|Any CPU = Release|Any CPU
	EndGlobalSection
	GlobalSection(ProjectConfigurationPlatforms) = postSolution
		{136F1C09-2BFB-4F95-8583-2CF8A3C221D4}.Debug|Any CPU.ActiveCfg = Debug|Any CPU
		{136F1C09-2BFB-4F95-8583-2CF8A3C221D4}.Debug|Any CPU.Build.0 = Debug|Any CPU
		{136F1C09-2BFB-4F95-8583-2CF8A3C221D4}.Release|Any CPU.ActiveCfg = Release|Any CPU
		{136F1C09-2BFB-4F95-8583-2CF8A3C221D4}.Release|Any CPU.Build.0 = Release|Any CPU
	EndGlobalSection
	GlobalSection(SolutionProperties) = preSolution
		HideSolutionNode = FALSE
	EndGlobalSection
	GlobalSection(ExtensibilityGlobals) = postSolution
		SolutionGuid = {44B6FCD8-0503-4035-872D-400C2575EC1E}
	EndGlobalSection
EndGlobal
